{"1.2.0",
[{<<"iso8601">>,{pkg,<<"inaka_iso8601">>,<<"1.1.2">>},0},
 {<<"meck">>,
  {git,"https://github.com/eproxus/meck.git",
       {ref,"4ecc1ae9089edc6977e8c8c4cd41081513cc5590"}},
  3},
 {<<"protobuffs">>,
  {git,"https://github.com/basho/erlang_protobuffs.git",
       {ref,"098efad8f85dfe556d64e2cf6ce31f2075808f67"}},
  2},
 {<<"quickrand">>,{pkg,<<"quickrand">>,<<"1.5.4">>},2},
 {<<"riak_pb">>,
  {git,"https://github.com/basho/riak_pb",
       {ref,"b7abca90e4c708073021d2c4e18c896f1a10b838"}},
  1},
 {<<"riakc">>,
  {git,"git://github.com/basho/riak-erlang-client.git",
       {ref,"d9fa46335fda4704fda71cbc011ab6a11e50e3f3"}},
  0},
 {<<"sumo_db">>,
  {git,"https://github.com/jagguli/sumo_db.git",
       {ref,"372fa1c25de4aabfd3db56944df8ec5157db3c03"}},
  0},
 {<<"uuid">>,{pkg,<<"uuid_erl">>,<<"1.5.2-rc1">>},1},
 {<<"worker_pool">>,{pkg,<<"worker_pool">>,<<"3.1.0">>},1}]}.
[
{pkg_hash,[
 {<<"iso8601">>, <<"6D84BBA9641FA39802E6B53C57E0B61B2F61BF8E81C112356B57BE8DA31DE771">>},
 {<<"quickrand">>, <<"47ADD4755CC5F209CBEFFD6F47C84061196CD7FAD99FD8FD12418EB0D06B939D">>},
 {<<"uuid">>, <<"D4022AB3F4F1A28E86EA15D4075CB0C57EC908D8AF1CA2E8AF28AA815EF93C3A">>},
 {<<"worker_pool">>, <<"C908627E04057CF29940AD0E79B89AB161DB520EEBC76942EFD08A187BABF93A">>}]},
{pkg_hash_ext,[
 {<<"iso8601">>, <<"8964665B3EDBC8C4B390512D9DE429A550CC32FF3FA3583F2E6F14925127D480">>},
 {<<"quickrand">>, <<"2657DCA4544BF98EC44328F95F2C94A07ACCECE452195C599E43799A760B28B0">>},
 {<<"uuid">>, <<"4297348D9D52A38E2446185F979CB8786FE8784AC053ABE6724C2AF7D7930E38">>},
 {<<"worker_pool">>, <<"F809B89F46B2CB5DFD2B731A2C8B234DB2788490FAB88EB0823DA18B64851EE2">>}]}
].
