{"1.2.0",
[{<<"goldrush">>,{pkg,<<"goldrush">>,<<"0.1.9">>},2},
 {<<"hamcrest">>,{pkg,<<"basho_hamcrest">>,<<"0.4.1">>},2},
 {<<"iso8601">>,{pkg,<<"inaka_iso8601">>,<<"1.1.2">>},0},
 {<<"lager">>,{pkg,<<"lager">>,<<"3.2.4">>},1},
 {<<"quickrand">>,{pkg,<<"quickrand">>,<<"1.5.4">>},2},
 {<<"riak_pb">>,{pkg,<<"riak_pb">>,<<"2.3.2">>},1},
 {<<"riakc">>,{pkg,<<"riakc">>,<<"2.5.3">>},0},
 {<<"sumo_db">>,{pkg,<<"sumo_db">>,<<"0.7.2">>},0},
 {<<"uuid">>,{pkg,<<"uuid_erl">>,<<"1.5.4">>},1},
 {<<"worker_pool">>,{pkg,<<"worker_pool">>,<<"2.0.1">>},1}]}.
[
{pkg_hash,[
 {<<"goldrush">>, <<"F06E5D5F1277DA5C413E84D5A2924174182FB108DABB39D5EC548B27424CD106">>},
 {<<"hamcrest">>, <<"FB7B2C92D252A1E9DB936750B86089ADDAEBEB8F87967FB4BBDDA61E8863338E">>},
 {<<"iso8601">>, <<"6D84BBA9641FA39802E6B53C57E0B61B2F61BF8E81C112356B57BE8DA31DE771">>},
 {<<"lager">>, <<"A6DEB74DAE7927F46BD13255268308EF03EB206EC784A94EAF7C1C0F3B811615">>},
 {<<"quickrand">>, <<"47ADD4755CC5F209CBEFFD6F47C84061196CD7FAD99FD8FD12418EB0D06B939D">>},
 {<<"riak_pb">>, <<"48FFBF66DBB3F136AB9A7134BAC4E496754BAA5EF58C4F50A61326736D996390">>},
 {<<"riakc">>, <<"6132D9E687A0DFD314B2B24C4594302CA8B55568A5D733C491D8FB6CD4004763">>},
 {<<"sumo_db">>, <<"B56544DB18826D1EE5296042B5D4461D0805B7F54C998ED8338F1BC59E284749">>},
 {<<"uuid">>, <<"06240EFF3EAF013CC22274689B0C1FF6345645EE5D47A9E4ED7545EEB7698B23">>},
 {<<"worker_pool">>, <<"B90273074898FA89434317991E00884DBBAFFAB5BFD964A7586317CD16FB18D4">>}]},
{pkg_hash_ext,[
 {<<"goldrush">>, <<"99CB4128CFFCB3227581E5D4D803D5413FA643F4EB96523F77D9E6937D994CEB">>},
 {<<"hamcrest">>, <<"26974025BC61BC09EF5B13BE5DCE5035CA11BF37BF4A865E9D86C455C942298F">>},
 {<<"iso8601">>, <<"8964665B3EDBC8C4B390512D9DE429A550CC32FF3FA3583F2E6F14925127D480">>},
 {<<"lager">>, <<"EEC0B676776ADCFC4F281ADD4ACAD1806B2F399774EAAA30F9EC47D2B7881B58">>},
 {<<"quickrand">>, <<"2657DCA4544BF98EC44328F95F2C94A07ACCECE452195C599E43799A760B28B0">>},
 {<<"riak_pb">>, <<"7C0644BCBA8A423DD9C1AB85B6E7FF4DF0712D8A350F9698647CFF1996F0348C">>},
 {<<"riakc">>, <<"32B3ACED7B749BFFD917153F68FA73C184B09B70EA6F37867DB43DBA273127BF">>},
 {<<"sumo_db">>, <<"2E7C4D95778097E1FE078CFE28ECC822D81A4EE833FE416EFD4626BE41444B58">>},
 {<<"uuid">>, <<"3DFBD0BDDE98A9BFB2FF8680A0DE919BCB7BD0DF4EC6DEA603A96762A067C7CA">>},
 {<<"worker_pool">>, <<"0A905EC0AC0FC46F698C742FCE4018970025DEB6D9B73A9D1D4862FBF7B4C3A2">>}]}
].
